// !$*UTF8*$!
{
	archiveVersion = 1;
	classes = {
	};
	objectVersion = 50;
	objects = {

/* Begin PBXBuildFile section */
		FC95D7672315AC7700531F4D /* AppDelegate.swift in Sources */ = {isa = PBXBuildFile; fileRef = FC95D7662315AC7700531F4D /* AppDelegate.swift */; };
		FC95D76C2315AC7700531F4D /* Main.storyboard in Resources */ = {isa = PBXBuildFile; fileRef = FC95D76A2315AC7700531F4D /* Main.storyboard */; };
		FC95D76E2315AC7900531F4D /* Assets.xcassets in Resources */ = {isa = PBXBuildFile; fileRef = FC95D76D2315AC7900531F4D /* Assets.xcassets */; };
		FC95D7712315AC7900531F4D /* LaunchScreen.storyboard in Resources */ = {isa = PBXBuildFile; fileRef = FC95D76F2315AC7900531F4D /* LaunchScreen.storyboard */; };
		FC95D7792315AE2200531F4D /* WeatherTabViewController.swift in Sources */ = {isa = PBXBuildFile; fileRef = FC95D7782315AE2200531F4D /* WeatherTabViewController.swift */; };
		FC95D77B2315AE4200531F4D /* ColorTabViewController.swift in Sources */ = {isa = PBXBuildFile; fileRef = FC95D77A2315AE4200531F4D /* ColorTabViewController.swift */; };
		FC95D77D2315AE5600531F4D /* RandomUserTabViewController.swift in Sources */ = {isa = PBXBuildFile; fileRef = FC95D77C2315AE5600531F4D /* RandomUserTabViewController.swift */; };
		FC95D7802315B1EF00531F4D /* WeatherDetailViewController.swift in Sources */ = {isa = PBXBuildFile; fileRef = FC95D77F2315B1EF00531F4D /* WeatherDetailViewController.swift */; };
		FC95D7822315B20200531F4D /* ColorDetailViewController.swift in Sources */ = {isa = PBXBuildFile; fileRef = FC95D7812315B20200531F4D /* ColorDetailViewController.swift */; };
		FC95D7842315B20E00531F4D /* RandomUserDetailViewController.swift in Sources */ = {isa = PBXBuildFile; fileRef = FC95D7832315B20E00531F4D /* RandomUserDetailViewController.swift */; };
/* End PBXBuildFile section */

/* Begin PBXFileReference section */
		FC95D7632315AC7700531F4D /* labParsingJSON.app */ = {isa = PBXFileReference; explicitFileType = wrapper.application; includeInIndex = 0; path = labParsingJSON.app; sourceTree = BUILT_PRODUCTS_DIR; };
		FC95D7662315AC7700531F4D /* AppDelegate.swift */ = {isa = PBXFileReference; lastKnownFileType = sourcecode.swift; path = AppDelegate.swift; sourceTree = "<group>"; };
		FC95D76B2315AC7700531F4D /* Base */ = {isa = PBXFileReference; lastKnownFileType = file.storyboard; name = Base; path = Base.lproj/Main.storyboard; sourceTree = "<group>"; };
		FC95D76D2315AC7900531F4D /* Assets.xcassets */ = {isa = PBXFileReference; lastKnownFileType = folder.assetcatalog; path = Assets.xcassets; sourceTree = "<group>"; };
		FC95D7702315AC7900531F4D /* Base */ = {isa = PBXFileReference; lastKnownFileType = file.storyboard; name = Base; path = Base.lproj/LaunchScreen.storyboard; sourceTree = "<group>"; };
		FC95D7722315AC7900531F4D /* Info.plist */ = {isa = PBXFileReference; lastKnownFileType = text.plist.xml; path = Info.plist; sourceTree = "<group>"; };
		FC95D7782315AE2200531F4D /* WeatherTabViewController.swift */ = {isa = PBXFileReference; lastKnownFileType = sourcecode.swift; path = WeatherTabViewController.swift; sourceTree = "<group>"; };
		FC95D77A2315AE4200531F4D /* ColorTabViewController.swift */ = {isa = PBXFileReference; lastKnownFileType = sourcecode.swift; path = ColorTabViewController.swift; sourceTree = "<group>"; };
		FC95D77C2315AE5600531F4D /* RandomUserTabViewController.swift */ = {isa = PBXFileReference; lastKnownFileType = sourcecode.swift; path = RandomUserTabViewController.swift; sourceTree = "<group>"; };
		FC95D77F2315B1EF00531F4D /* WeatherDetailViewController.swift */ = {isa = PBXFileReference; lastKnownFileType = sourcecode.swift; path = WeatherDetailViewController.swift; sourceTree = "<group>"; };
		FC95D7812315B20200531F4D /* ColorDetailViewController.swift */ = {isa = PBXFileReference; lastKnownFileType = sourcecode.swift; path = ColorDetailViewController.swift; sourceTree = "<group>"; };
		FC95D7832315B20E00531F4D /* RandomUserDetailViewController.swift */ = {isa = PBXFileReference; lastKnownFileType = sourcecode.swift; path = RandomUserDetailViewController.swift; sourceTree = "<group>"; };
/* End PBXFileReference section */

/* Begin PBXFrameworksBuildPhase section */
		FC95D7602315AC7700531F4D /* Frameworks */ = {
			isa = PBXFrameworksBuildPhase;
			buildActionMask = 2147483647;
			files = (
			);
			runOnlyForDeploymentPostprocessing = 0;
		};
/* End PBXFrameworksBuildPhase section */

/* Begin PBXGroup section */
		FC95D75A2315AC7700531F4D = {
			isa = PBXGroup;
			children = (
				FC95D7652315AC7700531F4D /* labParsingJSON */,
				FC95D7642315AC7700531F4D /* Products */,
			);
			sourceTree = "<group>";
		};
		FC95D7642315AC7700531F4D /* Products */ = {
			isa = PBXGroup;
			children = (
				FC95D7632315AC7700531F4D /* labParsingJSON.app */,
			);
			name = Products;
			sourceTree = "<group>";
		};
		FC95D7652315AC7700531F4D /* labParsingJSON */ = {
			isa = PBXGroup;
			children = (
				FC95D77E2315AE6200531F4D /* ViewControllers */,
				FC95D7852315B21700531F4D /* DetailViewControllers */,
				FC95D76A2315AC7700531F4D /* Main.storyboard */,
				FC95D7662315AC7700531F4D /* AppDelegate.swift */,
				FC95D76D2315AC7900531F4D /* Assets.xcassets */,
				FC95D76F2315AC7900531F4D /* LaunchScreen.storyboard */,
				FC95D7722315AC7900531F4D /* Info.plist */,
			);
			path = labParsingJSON;
			sourceTree = "<group>";
		};
		FC95D77E2315AE6200531F4D /* ViewControllers */ = {
			isa = PBXGroup;
			children = (
				FC95D7782315AE2200531F4D /* WeatherTabViewController.swift */,
				FC95D77A2315AE4200531F4D /* ColorTabViewController.swift */,
				FC95D77C2315AE5600531F4D /* RandomUserTabViewController.swift */,
			);
			path = ViewControllers;
			sourceTree = "<group>";
		};
		FC95D7852315B21700531F4D /* DetailViewControllers */ = {
			isa = PBXGroup;
			children = (
				FC95D77F2315B1EF00531F4D /* WeatherDetailViewController.swift */,
				FC95D7812315B20200531F4D /* ColorDetailViewController.swift */,
				FC95D7832315B20E00531F4D /* RandomUserDetailViewController.swift */,
			);
			path = DetailViewControllers;
			sourceTree = "<group>";
		};
/* End PBXGroup section */

/* Begin PBXNativeTarget section */
		FC95D7622315AC7700531F4D /* labParsingJSON */ = {
			isa = PBXNativeTarget;
			buildConfigurationList = FC95D7752315AC7900531F4D /* Build configuration list for PBXNativeTarget "labParsingJSON" */;
			buildPhases = (
				FC95D75F2315AC7700531F4D /* Sources */,
				FC95D7602315AC7700531F4D /* Frameworks */,
				FC95D7612315AC7700531F4D /* Resources */,
			);
			buildRules = (
			);
			dependencies = (
			);
			name = labParsingJSON;
			productName = labParsingJSON;
			productReference = FC95D7632315AC7700531F4D /* labParsingJSON.app */;
			productType = "com.apple.product-type.application";
		};
/* End PBXNativeTarget section */

/* Begin PBXProject section */
		FC95D75B2315AC7700531F4D /* Project object */ = {
			isa = PBXProject;
			attributes = {
				LastSwiftUpdateCheck = 1030;
				LastUpgradeCheck = 1030;
				ORGANIZATIONNAME = "Levi Davis";
				TargetAttributes = {
					FC95D7622315AC7700531F4D = {
						CreatedOnToolsVersion = 10.3;
					};
				};
			};
			buildConfigurationList = FC95D75E2315AC7700531F4D /* Build configuration list for PBXProject "labParsingJSON" */;
			compatibilityVersion = "Xcode 9.3";
			developmentRegion = en;
			hasScannedForEncodings = 0;
			knownRegions = (
				en,
				Base,
			);
			mainGroup = FC95D75A2315AC7700531F4D;
			productRefGroup = FC95D7642315AC7700531F4D /* Products */;
			projectDirPath = "";
			projectRoot = "";
			targets = (
				FC95D7622315AC7700531F4D /* labParsingJSON */,
			);
		};
/* End PBXProject section */

/* Begin PBXResourcesBuildPhase section */
		FC95D7612315AC7700531F4D /* Resources */ = {
			isa = PBXResourcesBuildPhase;
			buildActionMask = 2147483647;
			files = (
				FC95D7712315AC7900531F4D /* LaunchScreen.storyboard in Resources */,
				FC95D76E2315AC7900531F4D /* Assets.xcassets in Resources */,
				FC95D76C2315AC7700531F4D /* Main.storyboard in Resources */,
			);
			runOnlyForDeploymentPostprocessing = 0;
		};
/* End PBXResourcesBuildPhase section */

/* Begin PBXSourcesBuildPhase section */
		FC95D75F2315AC7700531F4D /* Sources */ = {
			isa = PBXSourcesBuildPhase;
			buildActionMask = 2147483647;
			files = (
				FC95D77B2315AE4200531F4D /* ColorTabViewController.swift in Sources */,
				FC95D7672315AC7700531F4D /* AppDelegate.swift in Sources */,
				FC95D77D2315AE5600531F4D /* RandomUserTabViewController.swift in Sources */,
				FC95D7822315B20200531F4D /* ColorDetailViewController.swift in Sources */,
				FC95D7802315B1EF00531F4D /* WeatherDetailViewController.swift in Sources */,
				FC95D7842315B20E00531F4D /* RandomUserDetailViewController.swift in Sources */,
				FC95D7792315AE2200531F4D /* WeatherTabViewController.swift in Sources */,
			);
			runOnlyForDeploymentPostprocessing = 0;
		};
/* End PBXSourcesBuildPhase section */

/* Begin PBXVariantGroup section */
		FC95D76A2315AC7700531F4D /* Main.storyboard */ = {
			isa = PBXVariantGroup;
			children = (
				FC95D76B2315AC7700531F4D /* Base */,
			);
			name = Main.storyboard;
			sourceTree = "<group>";
		};
		FC95D76F2315AC7900531F4D /* LaunchScreen.storyboard */ = {
			isa = PBXVariantGroup;
			children = (
				FC95D7702315AC7900531F4D /* Base */,
			);
			name = LaunchScreen.storyboard;
			sourceTree = "<group>";
		};
/* End PBXVariantGroup section */

/* Begin XCBuildConfiguration section */
		FC95D7732315AC7900531F4D /* Debug */ = {
			isa = XCBuildConfiguration;
			buildSettings = {
				ALWAYS_SEARCH_USER_PATHS = NO;
				CLANG_ANALYZER_NONNULL = YES;
				CLANG_ANALYZER_NUMBER_OBJECT_CONVERSION = YES_AGGRESSIVE;
				CLANG_CXX_LANGUAGE_STANDARD = "gnu++14";
				CLANG_CXX_LIBRARY = "libc++";
				CLANG_ENABLE_MODULES = YES;
				CLANG_ENABLE_OBJC_ARC = YES;
				CLANG_ENABLE_OBJC_WEAK = YES;
				CLANG_WARN_BLOCK_CAPTURE_AUTORELEASING = YES;
				CLANG_WARN_BOOL_CONVERSION = YES;
				CLANG_WARN_COMMA = YES;
				CLANG_WARN_CONSTANT_CONVERSION = YES;
				CLANG_WARN_DEPRECATED_OBJC_IMPLEMENTATIONS = YES;
				CLANG_WARN_DIRECT_OBJC_ISA_USAGE = YES_ERROR;
				CLANG_WARN_DOCUMENTATION_COMMENTS = YES;
				CLANG_WARN_EMPTY_BODY = YES;
				CLANG_WARN_ENUM_CONVERSION = YES;
				CLANG_WARN_INFINITE_RECURSION = YES;
				CLANG_WARN_INT_CONVERSION = YES;
				CLANG_WARN_NON_LITERAL_NULL_CONVERSION = YES;
				CLANG_WARN_OBJC_IMPLICIT_RETAIN_SELF = YES;
				CLANG_WARN_OBJC_LITERAL_CONVERSION = YES;
				CLANG_WARN_OBJC_ROOT_CLASS = YES_ERROR;
				CLANG_WARN_RANGE_LOOP_ANALYSIS = YES;
				CLANG_WARN_STRICT_PROTOTYPES = YES;
				CLANG_WARN_SUSPICIOUS_MOVE = YES;
				CLANG_WARN_UNGUARDED_AVAILABILITY = YES_AGGRESSIVE;
				CLANG_WARN_UNREACHABLE_CODE = YES;
				CLANG_WARN__DUPLICATE_METHOD_MATCH = YES;
				CODE_SIGN_IDENTITY = "iPhone Developer";
				COPY_PHASE_STRIP = NO;
				DEBUG_INFORMATION_FORMAT = dwarf;
				ENABLE_STRICT_OBJC_MSGSEND = YES;
				ENABLE_TESTABILITY = YES;
				GCC_C_LANGUAGE_STANDARD = gnu11;
				GCC_DYNAMIC_NO_PIC = NO;
				GCC_NO_COMMON_BLOCKS = YES;
				GCC_OPTIMIZATION_LEVEL = 0;
				GCC_PREPROCESSOR_DEFINITIONS = (
					"DEBUG=1",
					"$(inherited)",
				);
				GCC_WARN_64_TO_32_BIT_CONVERSION = YES;
				GCC_WARN_ABOUT_RETURN_TYPE = YES_ERROR;
				GCC_WARN_UNDECLARED_SELECTOR = YES;
				GCC_WARN_UNINITIALIZED_AUTOS = YES_AGGRESSIVE;
				GCC_WARN_UNUSED_FUNCTION = YES;
				GCC_WARN_UNUSED_VARIABLE = YES;
				IPHONEOS_DEPLOYMENT_TARGET = 12.4;
				MTL_ENABLE_DEBUG_INFO = INCLUDE_SOURCE;
				MTL_FAST_MATH = YES;
				ONLY_ACTIVE_ARCH = YES;
				SDKROOT = iphoneos;
				SWIFT_ACTIVE_COMPILATION_CONDITIONS = DEBUG;
				SWIFT_OPTIMIZATION_LEVEL = "-Onone";
			};
			name = Debug;
		};
		FC95D7742315AC7900531F4D /* Release */ = {
			isa = XCBuildConfiguration;
			buildSettings = {
				ALWAYS_SEARCH_USER_PATHS = NO;
				CLANG_ANALYZER_NONNULL = YES;
				CLANG_ANALYZER_NUMBER_OBJECT_CONVERSION = YES_AGGRESSIVE;
				CLANG_CXX_LANGUAGE_STANDARD = "gnu++14";
				CLANG_CXX_LIBRARY = "libc++";
				CLANG_ENABLE_MODULES = YES;
				CLANG_ENABLE_OBJC_ARC = YES;
				CLANG_ENABLE_OBJC_WEAK = YES;
				CLANG_WARN_BLOCK_CAPTURE_AUTORELEASING = YES;
				CLANG_WARN_BOOL_CONVERSION = YES;
				CLANG_WARN_COMMA = YES;
				CLANG_WARN_CONSTANT_CONVERSION = YES;
				CLANG_WARN_DEPRECATED_OBJC_IMPLEMENTATIONS = YES;
				CLANG_WARN_DIRECT_OBJC_ISA_USAGE = YES_ERROR;
				CLANG_WARN_DOCUMENTATION_COMMENTS = YES;
				CLANG_WARN_EMPTY_BODY = YES;
				CLANG_WARN_ENUM_CONVERSION = YES;
				CLANG_WARN_INFINITE_RECURSION = YES;
				CLANG_WARN_INT_CONVERSION = YES;
				CLANG_WARN_NON_LITERAL_NULL_CONVERSION = YES;
				CLANG_WARN_OBJC_IMPLICIT_RETAIN_SELF = YES;
				CLANG_WARN_OBJC_LITERAL_CONVERSION = YES;
				CLANG_WARN_OBJC_ROOT_CLASS = YES_ERROR;
				CLANG_WARN_RANGE_LOOP_ANALYSIS = YES;
				CLANG_WARN_STRICT_PROTOTYPES = YES;
				CLANG_WARN_SUSPICIOUS_MOVE = YES;
				CLANG_WARN_UNGUARDED_AVAILABILITY = YES_AGGRESSIVE;
				CLANG_WARN_UNREACHABLE_CODE = YES;
				CLANG_WARN__DUPLICATE_METHOD_MATCH = YES;
				CODE_SIGN_IDENTITY = "iPhone Developer";
				COPY_PHASE_STRIP = NO;
				DEBUG_INFORMATION_FORMAT = "dwarf-with-dsym";
				ENABLE_NS_ASSERTIONS = NO;
				ENABLE_STRICT_OBJC_MSGSEND = YES;
				GCC_C_LANGUAGE_STANDARD = gnu11;
				GCC_NO_COMMON_BLOCKS = YES;
				GCC_WARN_64_TO_32_BIT_CONVERSION = YES;
				GCC_WARN_ABOUT_RETURN_TYPE = YES_ERROR;
				GCC_WARN_UNDECLARED_SELECTOR = YES;
				GCC_WARN_UNINITIALIZED_AUTOS = YES_AGGRESSIVE;
				GCC_WARN_UNUSED_FUNCTION = YES;
				GCC_WARN_UNUSED_VARIABLE = YES;
				IPHONEOS_DEPLOYMENT_TARGET = 12.4;
				MTL_ENABLE_DEBUG_INFO = NO;
				MTL_FAST_MATH = YES;
				SDKROOT = iphoneos;
				SWIFT_COMPILATION_MODE = wholemodule;
				SWIFT_OPTIMIZATION_LEVEL = "-O";
				VALIDATE_PRODUCT = YES;
			};
			name = Release;
		};
		FC95D7762315AC7900531F4D /* Debug */ = {
			isa = XCBuildConfiguration;
			buildSettings = {
				ASSETCATALOG_COMPILER_APPICON_NAME = AppIcon;
				CODE_SIGN_STYLE = Automatic;
				INFOPLIST_FILE = labParsingJSON/Info.plist;
				LD_RUNPATH_SEARCH_PATHS = (
					"$(inherited)",
					"@executable_path/Frameworks",
				);
				PRODUCT_BUNDLE_IDENTIFIER = "com-example.labParsingJSON";
				PRODUCT_NAME = "$(TARGET_NAME)";
				SWIFT_VERSION = 5.0;
				TARGETED_DEVICE_FAMILY = "1,2";
			};
			name = Debug;
		};
		FC95D7772315AC7900531F4D /* Release */ = {
			isa = XCBuildConfiguration;
			buildSettings = {
				ASSETCATALOG_COMPILER_APPICON_NAME = AppIcon;
				CODE_SIGN_STYLE = Automatic;
				INFOPLIST_FILE = labParsingJSON/Info.plist;
				LD_RUNPATH_SEARCH_PATHS = (
					"$(inherited)",
					"@executable_path/Frameworks",
				);
				PRODUCT_BUNDLE_IDENTIFIER = "com-example.labParsingJSON";
				PRODUCT_NAME = "$(TARGET_NAME)";
				SWIFT_VERSION = 5.0;
				TARGETED_DEVICE_FAMILY = "1,2";
			};
			name = Release;
		};
/* End XCBuildConfiguration section */

/* Begin XCConfigurationList section */
		FC95D75E2315AC7700531F4D /* Build configuration list for PBXProject "labParsingJSON" */ = {
			isa = XCConfigurationList;
			buildConfigurations = (
				FC95D7732315AC7900531F4D /* Debug */,
				FC95D7742315AC7900531F4D /* Release */,
			);
			defaultConfigurationIsVisible = 0;
			defaultConfigurationName = Release;
		};
		FC95D7752315AC7900531F4D /* Build configuration list for PBXNativeTarget "labParsingJSON" */ = {
			isa = XCConfigurationList;
			buildConfigurations = (
				FC95D7762315AC7900531F4D /* Debug */,
				FC95D7772315AC7900531F4D /* Release */,
			);
			defaultConfigurationIsVisible = 0;
			defaultConfigurationName = Release;
		};
/* End XCConfigurationList section */
	};
	rootObject = FC95D75B2315AC7700531F4D /* Project object */;
}
